
Microsoft Visual Studio Solution File, Format Version 12.00
# Visual Studio 2013
VisualStudioVersion = 12.0.30110.0
MinimumVisualStudioVersion = 10.0.40219.1
Project("{FAE04EC0-301F-11D3-BF4B-00C04F79EFBC}") = "OpenMcdfWp", "OpenMcdfWp.csproj", "{F2F4CEA6-2B75-4F7B-96D5-4D4C80128C93}"
EndProject
Global
	GlobalSection(SolutionConfigurationPlatforms) = preSolution
		Debug|Any CPU = Debug|Any CPU
		Debug|ARM = Debug|ARM
		Debug|x86 = Debug|x86
		Release|Any CPU = Release|Any CPU
		Release|ARM = Release|ARM
		Release|x86 = Release|x86
	EndGlobalSection
	GlobalSection(ProjectConfigurationPlatforms) = postSolution
		{F2F4CEA6-2B75-4F7B-96D5-4D4C80128C93}.Debug|Any CPU.ActiveCfg = Debug|Any CPU
		{F2F4CEA6-2B75-4F7B-96D5-4D4C80128C93}.Debug|Any CPU.Build.0 = Debug|Any CPU
		{F2F4CEA6-2B75-4F7B-96D5-4D4C80128C93}.Debug|ARM.ActiveCfg = Debug|ARM
		{F2F4CEA6-2B75-4F7B-96D5-4D4C80128C93}.Debug|ARM.Build.0 = Debug|ARM
		{F2F4CEA6-2B75-4F7B-96D5-4D4C80128C93}.Debug|x86.ActiveCfg = Debug|x86
		{F2F4CEA6-2B75-4F7B-96D5-4D4C80128C93}.Debug|x86.Build.0 = Debug|x86
		{F2F4CEA6-2B75-4F7B-96D5-4D4C80128C93}.Release|Any CPU.ActiveCfg = Release|Any CPU
		{F2F4CEA6-2B75-4F7B-96D5-4D4C80128C93}.Release|Any CPU.Build.0 = Release|Any CPU
		{F2F4CEA6-2B75-4F7B-96D5-4D4C80128C93}.Release|ARM.ActiveCfg = Release|ARM
		{F2F4CEA6-2B75-4F7B-96D5-4D4C80128C93}.Release|ARM.Build.0 = Release|ARM
		{F2F4CEA6-2B75-4F7B-96D5-4D4C80128C93}.Release|x86.ActiveCfg = Release|x86
		{F2F4CEA6-2B75-4F7B-96D5-4D4C80128C93}.Release|x86.Build.0 = Release|x86
	EndGlobalSection
	GlobalSection(SolutionProperties) = preSolution
		HideSolutionNode = FALSE
	EndGlobalSection
EndGlobal
